
Microsoft Visual Studio Solution File, Format Version 12.00
# Visual Studio 15
VisualStudioVersion = 15.0.27130.2036
MinimumVisualStudioVersion = 10.0.40219.1
Project("{FAE04EC0-301F-11D3-BF4B-00C04F79EFBC}") = "DotNet35", "DotNet2\DotNet35.csproj", "{B16CEA46-AD1F-4CCA-A7E7-618054771916}"
EndProject
Project("{FAE04EC0-301F-11D3-BF4B-00C04F79EFBC}") = "BenchmarkBcryptNet", "BenchmarkBcryptNet\BenchmarkBcryptNet.csproj", "{A9033A01-2BC5-494F-BB4B-10108EB8B03F}"
EndProject
Project("{FAE04EC0-301F-11D3-BF4B-00C04F79EFBC}") = "DotNet4", "DotNet4\DotNet4.csproj", "{E965ECD6-AE94-4458-81CE-1EA6699D416D}"
EndProject
Project("{9A19103F-16F7-4668-BE54-9A1E7A4F7556}") = "DotNetCore", "DotNetCore\DotNetCore.csproj", "{1475B4C5-26A7-4A1E-873D-53C3C6069084}"
EndProject
Project("{9A19103F-16F7-4668-BE54-9A1E7A4F7556}") = "DotNetCore2", "DotNetCore2\DotNetCore2.csproj", "{3A4420F0-BE42-47AA-9ED2-A8DD927703E9}"
EndProject
Global
	GlobalSection(SolutionConfigurationPlatforms) = preSolution
		Debug|Any CPU = Debug|Any CPU
		Release|Any CPU = Release|Any CPU
	EndGlobalSection
	GlobalSection(ProjectConfigurationPlatforms) = postSolution
		{B16CEA46-AD1F-4CCA-A7E7-618054771916}.Debug|Any CPU.ActiveCfg = Debug|Any CPU
		{B16CEA46-AD1F-4CCA-A7E7-618054771916}.Debug|Any CPU.Build.0 = Debug|Any CPU
		{B16CEA46-AD1F-4CCA-A7E7-618054771916}.Release|Any CPU.ActiveCfg = Release|Any CPU
		{B16CEA46-AD1F-4CCA-A7E7-618054771916}.Release|Any CPU.Build.0 = Release|Any CPU
		{A9033A01-2BC5-494F-BB4B-10108EB8B03F}.Debug|Any CPU.ActiveCfg = Debug|Any CPU
		{A9033A01-2BC5-494F-BB4B-10108EB8B03F}.Debug|Any CPU.Build.0 = Debug|Any CPU
		{A9033A01-2BC5-494F-BB4B-10108EB8B03F}.Release|Any CPU.ActiveCfg = Release|Any CPU
		{A9033A01-2BC5-494F-BB4B-10108EB8B03F}.Release|Any CPU.Build.0 = Release|Any CPU
		{E965ECD6-AE94-4458-81CE-1EA6699D416D}.Debug|Any CPU.ActiveCfg = Debug|Any CPU
		{E965ECD6-AE94-4458-81CE-1EA6699D416D}.Debug|Any CPU.Build.0 = Debug|Any CPU
		{E965ECD6-AE94-4458-81CE-1EA6699D416D}.Release|Any CPU.ActiveCfg = Release|Any CPU
		{E965ECD6-AE94-4458-81CE-1EA6699D416D}.Release|Any CPU.Build.0 = Release|Any CPU
		{1475B4C5-26A7-4A1E-873D-53C3C6069084}.Debug|Any CPU.ActiveCfg = Debug|Any CPU
		{1475B4C5-26A7-4A1E-873D-53C3C6069084}.Debug|Any CPU.Build.0 = Debug|Any CPU
		{1475B4C5-26A7-4A1E-873D-53C3C6069084}.Release|Any CPU.ActiveCfg = Release|Any CPU
		{1475B4C5-26A7-4A1E-873D-53C3C6069084}.Release|Any CPU.Build.0 = Release|Any CPU
		{3A4420F0-BE42-47AA-9ED2-A8DD927703E9}.Debug|Any CPU.ActiveCfg = Debug|Any CPU
		{3A4420F0-BE42-47AA-9ED2-A8DD927703E9}.Debug|Any CPU.Build.0 = Debug|Any CPU
		{3A4420F0-BE42-47AA-9ED2-A8DD927703E9}.Release|Any CPU.ActiveCfg = Release|Any CPU
		{3A4420F0-BE42-47AA-9ED2-A8DD927703E9}.Release|Any CPU.Build.0 = Release|Any CPU
	EndGlobalSection
	GlobalSection(SolutionProperties) = preSolution
		HideSolutionNode = FALSE
	EndGlobalSection
	GlobalSection(ExtensibilityGlobals) = postSolution
		SolutionGuid = {BB432A86-EA89-4A01-8932-B7853B837328}
	EndGlobalSection
EndGlobal
