
Microsoft Visual Studio Solution File, Format Version 12.00
# Visual Studio Version 17
VisualStudioVersion = 17.1.32210.238
MinimumVisualStudioVersion = 10.0.40219.1
Project("{FAE04EC0-301F-11D3-BF4B-00C04F79EFBC}") = "DotNet35", "DotNet2\DotNet35.csproj", "{B16CEA46-AD1F-4CCA-A7E7-618054771916}"
EndProject
Project("{FAE04EC0-301F-11D3-BF4B-00C04F79EFBC}") = "BenchmarkBcryptNet", "BenchmarkBcryptNet\BenchmarkBcryptNet.csproj", "{A9033A01-2BC5-494F-BB4B-10108EB8B03F}"
EndProject
Project("{FAE04EC0-301F-11D3-BF4B-00C04F79EFBC}") = "DotNet4", "DotNet4\DotNet4.csproj", "{E965ECD6-AE94-4458-81CE-1EA6699D416D}"
EndProject
Project("{9A19103F-16F7-4668-BE54-9A1E7A4F7556}") = "DotNetCore", "DotNetCore\DotNetCore.csproj", "{1475B4C5-26A7-4A1E-873D-53C3C6069084}"
EndProject
Project("{FAE04EC0-301F-11D3-BF4B-00C04F79EFBC}") = "WindowsFormsApp", "WindowsFormsApp\WindowsFormsApp.csproj", "{4BB1F216-78B3-4E91-A865-B279B62E03AF}"
EndProject
Project("{9A19103F-16F7-4668-BE54-9A1E7A4F7556}") = "WindowsFormsAppCore", "WindowsFormAppViaDotnetTools\WindowsFormsAppCore.csproj", "{130C30A4-4A68-409C-A1A5-7BB4A58F092F}"
EndProject
Project("{9A19103F-16F7-4668-BE54-9A1E7A4F7556}") = "DotNet6", "DotNet6\DotNet6.csproj", "{D4DDC49B-BCC4-41C3-A22E-3B47EA8BAAE4}"
EndProject
Project("{FAE04EC0-301F-11D3-BF4B-00C04F79EFBC}") = "MauiApp", "MauiApp\MauiApp.csproj", "{F34635C2-31B8-4938-A92C-7E95E08421EC}"
EndProject
Global
	GlobalSection(SolutionConfigurationPlatforms) = preSolution
		Debug|Any CPU = Debug|Any CPU
		Release|Any CPU = Release|Any CPU
	EndGlobalSection
	GlobalSection(ProjectConfigurationPlatforms) = postSolution
		{B16CEA46-AD1F-4CCA-A7E7-618054771916}.Debug|Any CPU.ActiveCfg = Debug|Any CPU
		{B16CEA46-AD1F-4CCA-A7E7-618054771916}.Debug|Any CPU.Build.0 = Debug|Any CPU
		{B16CEA46-AD1F-4CCA-A7E7-618054771916}.Release|Any CPU.ActiveCfg = Release|Any CPU
		{B16CEA46-AD1F-4CCA-A7E7-618054771916}.Release|Any CPU.Build.0 = Release|Any CPU
		{A9033A01-2BC5-494F-BB4B-10108EB8B03F}.Debug|Any CPU.ActiveCfg = Debug|Any CPU
		{A9033A01-2BC5-494F-BB4B-10108EB8B03F}.Debug|Any CPU.Build.0 = Debug|Any CPU
		{A9033A01-2BC5-494F-BB4B-10108EB8B03F}.Release|Any CPU.ActiveCfg = Release|Any CPU
		{A9033A01-2BC5-494F-BB4B-10108EB8B03F}.Release|Any CPU.Build.0 = Release|Any CPU
		{E965ECD6-AE94-4458-81CE-1EA6699D416D}.Debug|Any CPU.ActiveCfg = Debug|Any CPU
		{E965ECD6-AE94-4458-81CE-1EA6699D416D}.Debug|Any CPU.Build.0 = Debug|Any CPU
		{E965ECD6-AE94-4458-81CE-1EA6699D416D}.Release|Any CPU.ActiveCfg = Release|Any CPU
		{E965ECD6-AE94-4458-81CE-1EA6699D416D}.Release|Any CPU.Build.0 = Release|Any CPU
		{1475B4C5-26A7-4A1E-873D-53C3C6069084}.Debug|Any CPU.ActiveCfg = Debug|Any CPU
		{1475B4C5-26A7-4A1E-873D-53C3C6069084}.Debug|Any CPU.Build.0 = Debug|Any CPU
		{1475B4C5-26A7-4A1E-873D-53C3C6069084}.Release|Any CPU.ActiveCfg = Release|Any CPU
		{1475B4C5-26A7-4A1E-873D-53C3C6069084}.Release|Any CPU.Build.0 = Release|Any CPU
		{4BB1F216-78B3-4E91-A865-B279B62E03AF}.Debug|Any CPU.ActiveCfg = Debug|Any CPU
		{4BB1F216-78B3-4E91-A865-B279B62E03AF}.Debug|Any CPU.Build.0 = Debug|Any CPU
		{4BB1F216-78B3-4E91-A865-B279B62E03AF}.Release|Any CPU.ActiveCfg = Release|Any CPU
		{4BB1F216-78B3-4E91-A865-B279B62E03AF}.Release|Any CPU.Build.0 = Release|Any CPU
		{130C30A4-4A68-409C-A1A5-7BB4A58F092F}.Debug|Any CPU.ActiveCfg = Debug|Any CPU
		{130C30A4-4A68-409C-A1A5-7BB4A58F092F}.Debug|Any CPU.Build.0 = Debug|Any CPU
		{130C30A4-4A68-409C-A1A5-7BB4A58F092F}.Release|Any CPU.ActiveCfg = Release|Any CPU
		{130C30A4-4A68-409C-A1A5-7BB4A58F092F}.Release|Any CPU.Build.0 = Release|Any CPU
		{D4DDC49B-BCC4-41C3-A22E-3B47EA8BAAE4}.Debug|Any CPU.ActiveCfg = Debug|Any CPU
		{D4DDC49B-BCC4-41C3-A22E-3B47EA8BAAE4}.Debug|Any CPU.Build.0 = Debug|Any CPU
		{D4DDC49B-BCC4-41C3-A22E-3B47EA8BAAE4}.Release|Any CPU.ActiveCfg = Release|Any CPU
		{D4DDC49B-BCC4-41C3-A22E-3B47EA8BAAE4}.Release|Any CPU.Build.0 = Release|Any CPU
		{F34635C2-31B8-4938-A92C-7E95E08421EC}.Debug|Any CPU.ActiveCfg = Debug|Any CPU
		{F34635C2-31B8-4938-A92C-7E95E08421EC}.Debug|Any CPU.Build.0 = Debug|Any CPU
		{F34635C2-31B8-4938-A92C-7E95E08421EC}.Debug|Any CPU.Deploy.0 = Debug|Any CPU
		{F34635C2-31B8-4938-A92C-7E95E08421EC}.Release|Any CPU.ActiveCfg = Release|Any CPU
		{F34635C2-31B8-4938-A92C-7E95E08421EC}.Release|Any CPU.Build.0 = Release|Any CPU
		{F34635C2-31B8-4938-A92C-7E95E08421EC}.Release|Any CPU.Deploy.0 = Release|Any CPU
	EndGlobalSection
	GlobalSection(SolutionProperties) = preSolution
		HideSolutionNode = FALSE
	EndGlobalSection
	GlobalSection(ExtensibilityGlobals) = postSolution
		SolutionGuid = {BB432A86-EA89-4A01-8932-B7853B837328}
	EndGlobalSection
EndGlobal
