
Microsoft Visual Studio Solution File, Format Version 12.00
# Visual Studio 14
VisualStudioVersion = 14.0.25420.1
MinimumVisualStudioVersion = 10.0.40219.1
Project("{2150E333-8FDC-42A3-9474-1A3956D46DE8}") = "Solution Items", "Solution Items", "{0D5F8F1F-1CAE-4B78-A5DA-AF86E2CE2434}"
	ProjectSection(SolutionItems) = preProject
		global.json = global.json
	EndProjectSection
EndProject
Project("{2150E333-8FDC-42A3-9474-1A3956D46DE8}") = "src", "src", "{726F3129-CB78-4276-8C5A-2C090041B171}"
EndProject
Project("{8BB2217D-0F2D-49D1-97BC-3654ED321F3B}") = "BCrypt.Next", "src\BCrypt.Net\BCrypt.Next.xproj", "{E9723729-B475-468F-814B-29BA2431D723}"
EndProject
Project("{2150E333-8FDC-42A3-9474-1A3956D46DE8}") = "test", "test", "{5A83A6A1-BB97-4349-9E89-240928CF735A}"
EndProject
Project("{8BB2217D-0F2D-49D1-97BC-3654ED321F3B}") = "BCrypt.Net.UnitTests", "src\BCrypt.Net.UnitTests\BCrypt.Net.UnitTests.xproj", "{E1476A71-5F4A-4EAE-A360-3DC8417BB89B}"
EndProject
Global
	GlobalSection(SolutionConfigurationPlatforms) = preSolution
		Debug|Any CPU = Debug|Any CPU
		Release|Any CPU = Release|Any CPU
	EndGlobalSection
	GlobalSection(ProjectConfigurationPlatforms) = postSolution
		{E9723729-B475-468F-814B-29BA2431D723}.Debug|Any CPU.ActiveCfg = Debug|Any CPU
		{E9723729-B475-468F-814B-29BA2431D723}.Debug|Any CPU.Build.0 = Debug|Any CPU
		{E9723729-B475-468F-814B-29BA2431D723}.Release|Any CPU.ActiveCfg = Release|Any CPU
		{E9723729-B475-468F-814B-29BA2431D723}.Release|Any CPU.Build.0 = Release|Any CPU
		{E1476A71-5F4A-4EAE-A360-3DC8417BB89B}.Debug|Any CPU.ActiveCfg = Debug|Any CPU
		{E1476A71-5F4A-4EAE-A360-3DC8417BB89B}.Debug|Any CPU.Build.0 = Debug|Any CPU
		{E1476A71-5F4A-4EAE-A360-3DC8417BB89B}.Release|Any CPU.ActiveCfg = Release|Any CPU
		{E1476A71-5F4A-4EAE-A360-3DC8417BB89B}.Release|Any CPU.Build.0 = Release|Any CPU
	EndGlobalSection
	GlobalSection(SolutionProperties) = preSolution
		HideSolutionNode = FALSE
	EndGlobalSection
	GlobalSection(NestedProjects) = preSolution
		{E9723729-B475-468F-814B-29BA2431D723} = {726F3129-CB78-4276-8C5A-2C090041B171}
		{E1476A71-5F4A-4EAE-A360-3DC8417BB89B} = {5A83A6A1-BB97-4349-9E89-240928CF735A}
	EndGlobalSection
EndGlobal
