
Microsoft Visual Studio Solution File, Format Version 12.00
# Visual Studio 15
VisualStudioVersion = 15.0.26206.0
MinimumVisualStudioVersion = 10.0.40219.1
Project("{2150E333-8FDC-42A3-9474-1A3956D46DE8}") = "Solution Items", "Solution Items", "{0D5F8F1F-1CAE-4B78-A5DA-AF86E2CE2434}"
	ProjectSection(SolutionItems) = preProject
		global.json = global.json
	EndProjectSection
EndProject
Project("{2150E333-8FDC-42A3-9474-1A3956D46DE8}") = "src", "src", "{726F3129-CB78-4276-8C5A-2C090041B171}"
EndProject
Project("{8BB2217D-0F2D-49D1-97BC-3654ED321F3B}") = "BCrypt.Next", "src\BCrypt.Net\BCrypt.Net.csproj", "{E9723729-B475-468F-814B-29BA2431D723}"
EndProject
Project("{2150E333-8FDC-42A3-9474-1A3956D46DE8}") = "test", "test", "{5A83A6A1-BB97-4349-9E89-240928CF735A}"
EndProject
Project("{9A19103F-16F7-4668-BE54-9A1E7A4F7556}") = "BCrypt.Net.UnitTests", "src\BCrypt.Net.UnitTests\BCrypt.Net.UnitTests.csproj", "{AC7B6BDF-9E4E-4441-8A4B-B4BDA0370BEB}"
EndProject
Global
	GlobalSection(SolutionConfigurationPlatforms) = preSolution
		Debug|Any CPU = Debug|Any CPU
		Debug|x64 = Debug|x64
		Debug|x86 = Debug|x86
		Release|Any CPU = Release|Any CPU
		Release|x64 = Release|x64
		Release|x86 = Release|x86
	EndGlobalSection
	GlobalSection(ProjectConfigurationPlatforms) = postSolution
		{E9723729-B475-468F-814B-29BA2431D723}.Debug|Any CPU.ActiveCfg = Debug|Any CPU
		{E9723729-B475-468F-814B-29BA2431D723}.Debug|Any CPU.Build.0 = Debug|Any CPU
		{E9723729-B475-468F-814B-29BA2431D723}.Debug|x64.ActiveCfg = Debug|Any CPU
		{E9723729-B475-468F-814B-29BA2431D723}.Debug|x86.ActiveCfg = Debug|Any CPU
		{E9723729-B475-468F-814B-29BA2431D723}.Release|Any CPU.ActiveCfg = Release|Any CPU
		{E9723729-B475-468F-814B-29BA2431D723}.Release|Any CPU.Build.0 = Release|Any CPU
		{E9723729-B475-468F-814B-29BA2431D723}.Release|x64.ActiveCfg = Release|Any CPU
		{E9723729-B475-468F-814B-29BA2431D723}.Release|x86.ActiveCfg = Release|Any CPU
		{AC7B6BDF-9E4E-4441-8A4B-B4BDA0370BEB}.Debug|Any CPU.ActiveCfg = Debug|Any CPU
		{AC7B6BDF-9E4E-4441-8A4B-B4BDA0370BEB}.Debug|Any CPU.Build.0 = Debug|Any CPU
		{AC7B6BDF-9E4E-4441-8A4B-B4BDA0370BEB}.Debug|x64.ActiveCfg = Debug|x64
		{AC7B6BDF-9E4E-4441-8A4B-B4BDA0370BEB}.Debug|x64.Build.0 = Debug|x64
		{AC7B6BDF-9E4E-4441-8A4B-B4BDA0370BEB}.Debug|x86.ActiveCfg = Debug|x86
		{AC7B6BDF-9E4E-4441-8A4B-B4BDA0370BEB}.Debug|x86.Build.0 = Debug|x86
		{AC7B6BDF-9E4E-4441-8A4B-B4BDA0370BEB}.Release|Any CPU.ActiveCfg = Release|Any CPU
		{AC7B6BDF-9E4E-4441-8A4B-B4BDA0370BEB}.Release|Any CPU.Build.0 = Release|Any CPU
		{AC7B6BDF-9E4E-4441-8A4B-B4BDA0370BEB}.Release|x64.ActiveCfg = Release|x64
		{AC7B6BDF-9E4E-4441-8A4B-B4BDA0370BEB}.Release|x64.Build.0 = Release|x64
		{AC7B6BDF-9E4E-4441-8A4B-B4BDA0370BEB}.Release|x86.ActiveCfg = Release|x86
		{AC7B6BDF-9E4E-4441-8A4B-B4BDA0370BEB}.Release|x86.Build.0 = Release|x86
	EndGlobalSection
	GlobalSection(SolutionProperties) = preSolution
		HideSolutionNode = FALSE
	EndGlobalSection
	GlobalSection(NestedProjects) = preSolution
		{E9723729-B475-468F-814B-29BA2431D723} = {726F3129-CB78-4276-8C5A-2C090041B171}
		{AC7B6BDF-9E4E-4441-8A4B-B4BDA0370BEB} = {5A83A6A1-BB97-4349-9E89-240928CF735A}
	EndGlobalSection
EndGlobal
